
Microsoft Visual Studio Solution File, Format Version 10.00
# Visual Studio 2008
Project("{FAE04EC0-301F-11D3-BF4B-00C04F79EFBC}") = "DokuwikiClient", "DokuwikiClient\DokuwikiClient.csproj", "{76C0C243-DDC6-42F6-ACD4-012867234D3B}"
EndProject
Project("{2150E333-8FDC-42A3-9474-1A3956D46DE8}") = "Solution Items", "Solution Items", "{A9BF3B68-A4C6-4E24-9A18-DBE0A8FE1E87}"
	ProjectSection(SolutionItems) = preProject
		ThirdPartyLibraries\ColorCode.dll = ThirdPartyLibraries\ColorCode.dll
		ThirdPartyLibraries\CookComputing.XmlRpcV3.dll = ThirdPartyLibraries\CookComputing.XmlRpcV3.dll
		DokuWikiEditor.vsmdi = DokuWikiEditor.vsmdi
		ThirdPartyLibraries\log4net.dll = ThirdPartyLibraries\log4net.dll
		TestRunConfigLocal.testrunconfig = TestRunConfigLocal.testrunconfig
		ThirdPartyLibraries\TomsCodeHeap.dll = ThirdPartyLibraries\TomsCodeHeap.dll
		ThirdPartyLibraries\WikiPlex.dll = ThirdPartyLibraries\WikiPlex.dll
	EndProjectSection
EndProject
Project("{FAE04EC0-301F-11D3-BF4B-00C04F79EFBC}") = "DokuWikiClientTests", "DokuwikiClientTests\DokuWikiClientTests.csproj", "{94F7B5E4-00CD-40A3-9D66-5215E6EA6C25}"
EndProject
Project("{FAE04EC0-301F-11D3-BF4B-00C04F79EFBC}") = "DokuWikiEditor", "DokuwikiEditor\DokuWikiEditor.csproj", "{BB410718-2E0A-489C-A1E3-9D596BFA8071}"
EndProject
Global
	GlobalSection(SubversionScc) = preSolution
		Svn-Managed = True
		Manager = AnkhSVN - Subversion Support for Visual Studio
	EndGlobalSection
	GlobalSection(TestCaseManagementSettings) = postSolution
		CategoryFile = DokuWikiEditor.vsmdi
	EndGlobalSection
	GlobalSection(SolutionConfigurationPlatforms) = preSolution
		Debug|Any CPU = Debug|Any CPU
		Release|Any CPU = Release|Any CPU
	EndGlobalSection
	GlobalSection(ProjectConfigurationPlatforms) = postSolution
		{76C0C243-DDC6-42F6-ACD4-012867234D3B}.Debug|Any CPU.ActiveCfg = Debug|Any CPU
		{76C0C243-DDC6-42F6-ACD4-012867234D3B}.Debug|Any CPU.Build.0 = Debug|Any CPU
		{76C0C243-DDC6-42F6-ACD4-012867234D3B}.Release|Any CPU.ActiveCfg = Release|Any CPU
		{76C0C243-DDC6-42F6-ACD4-012867234D3B}.Release|Any CPU.Build.0 = Release|Any CPU
		{94F7B5E4-00CD-40A3-9D66-5215E6EA6C25}.Debug|Any CPU.ActiveCfg = Debug|Any CPU
		{94F7B5E4-00CD-40A3-9D66-5215E6EA6C25}.Debug|Any CPU.Build.0 = Debug|Any CPU
		{94F7B5E4-00CD-40A3-9D66-5215E6EA6C25}.Release|Any CPU.ActiveCfg = Release|Any CPU
		{94F7B5E4-00CD-40A3-9D66-5215E6EA6C25}.Release|Any CPU.Build.0 = Release|Any CPU
		{BB410718-2E0A-489C-A1E3-9D596BFA8071}.Debug|Any CPU.ActiveCfg = Debug|Any CPU
		{BB410718-2E0A-489C-A1E3-9D596BFA8071}.Debug|Any CPU.Build.0 = Debug|Any CPU
		{BB410718-2E0A-489C-A1E3-9D596BFA8071}.Release|Any CPU.ActiveCfg = Release|Any CPU
		{BB410718-2E0A-489C-A1E3-9D596BFA8071}.Release|Any CPU.Build.0 = Release|Any CPU
	EndGlobalSection
	GlobalSection(SolutionProperties) = preSolution
		HideSolutionNode = FALSE
	EndGlobalSection
EndGlobal
